// !$*UTF8*$!
{
	archiveVersion = 1;
	classes = {
	};
	objectVersion = 46;
	objects = {

/* Begin PBXBuildFile section */
		656FF26F1ABB8EC2007B9848 /* AppDelegate.swift in Sources */ = {isa = PBXBuildFile; fileRef = 656FF26E1ABB8EC2007B9848 /* AppDelegate.swift */; };
		656FF2711ABB8EC2007B9848 /* ViewController.swift in Sources */ = {isa = PBXBuildFile; fileRef = 656FF2701ABB8EC2007B9848 /* ViewController.swift */; };
		656FF2741ABB8EC2007B9848 /* Main.storyboard in Resources */ = {isa = PBXBuildFile; fileRef = 656FF2721ABB8EC2007B9848 /* Main.storyboard */; };
		656FF2761ABB8EC2007B9848 /* Images.xcassets in Resources */ = {isa = PBXBuildFile; fileRef = 656FF2751ABB8EC2007B9848 /* Images.xcassets */; };
		656FF2791ABB8EC2007B9848 /* LaunchScreen.xib in Resources */ = {isa = PBXBuildFile; fileRef = 656FF2771ABB8EC2007B9848 /* LaunchScreen.xib */; };
		656FF2851ABB8EC3007B9848 /* StormyTests.swift in Sources */ = {isa = PBXBuildFile; fileRef = 656FF2841ABB8EC3007B9848 /* StormyTests.swift */; };
		65787D911ABCEB2F0087E48B /* Current.swift in Sources */ = {isa = PBXBuildFile; fileRef = 65787D901ABCEB2F0087E48B /* Current.swift */; };
/* End PBXBuildFile section */

/* Begin PBXContainerItemProxy section */
		656FF27F1ABB8EC3007B9848 /* PBXContainerItemProxy */ = {
			isa = PBXContainerItemProxy;
			containerPortal = 656FF2611ABB8EC2007B9848 /* Project object */;
			proxyType = 1;
			remoteGlobalIDString = 656FF2681ABB8EC2007B9848;
			remoteInfo = Stormy;
		};
/* End PBXContainerItemProxy section */

/* Begin PBXFileReference section */
		656FF2691ABB8EC2007B9848 /* Stormy.app */ = {isa = PBXFileReference; explicitFileType = wrapper.application; includeInIndex = 0; path = Stormy.app; sourceTree = BUILT_PRODUCTS_DIR; };
		656FF26D1ABB8EC2007B9848 /* Info.plist */ = {isa = PBXFileReference; lastKnownFileType = text.plist.xml; path = Info.plist; sourceTree = "<group>"; };
		656FF26E1ABB8EC2007B9848 /* AppDelegate.swift */ = {isa = PBXFileReference; lastKnownFileType = sourcecode.swift; path = AppDelegate.swift; sourceTree = "<group>"; };
		656FF2701ABB8EC2007B9848 /* ViewController.swift */ = {isa = PBXFileReference; lastKnownFileType = sourcecode.swift; path = ViewController.swift; sourceTree = "<group>"; };
		656FF2731ABB8EC2007B9848 /* Base */ = {isa = PBXFileReference; lastKnownFileType = file.storyboard; name = Base; path = Base.lproj/Main.storyboard; sourceTree = "<group>"; };
		656FF2751ABB8EC2007B9848 /* Images.xcassets */ = {isa = PBXFileReference; lastKnownFileType = folder.assetcatalog; path = Images.xcassets; sourceTree = "<group>"; };
		656FF2781ABB8EC2007B9848 /* Base */ = {isa = PBXFileReference; lastKnownFileType = file.xib; name = Base; path = Base.lproj/LaunchScreen.xib; sourceTree = "<group>"; };
		656FF27E1ABB8EC3007B9848 /* StormyTests.xctest */ = {isa = PBXFileReference; explicitFileType = wrapper.cfbundle; includeInIndex = 0; path = StormyTests.xctest; sourceTree = BUILT_PRODUCTS_DIR; };
		656FF2831ABB8EC3007B9848 /* Info.plist */ = {isa = PBXFileReference; lastKnownFileType = text.plist.xml; path = Info.plist; sourceTree = "<group>"; };
		656FF2841ABB8EC3007B9848 /* StormyTests.swift */ = {isa = PBXFileReference; lastKnownFileType = sourcecode.swift; path = StormyTests.swift; sourceTree = "<group>"; };
		65787D901ABCEB2F0087E48B /* Current.swift */ = {isa = PBXFileReference; fileEncoding = 4; lastKnownFileType = sourcecode.swift; path = Current.swift; sourceTree = "<group>"; };
/* End PBXFileReference section */

/* Begin PBXFrameworksBuildPhase section */
		656FF2661ABB8EC2007B9848 /* Frameworks */ = {
			isa = PBXFrameworksBuildPhase;
			buildActionMask = 2147483647;
			files = (
			);
			runOnlyForDeploymentPostprocessing = 0;
		};
		656FF27B1ABB8EC3007B9848 /* Frameworks */ = {
			isa = PBXFrameworksBuildPhase;
			buildActionMask = 2147483647;
			files = (
			);
			runOnlyForDeploymentPostprocessing = 0;
		};
/* End PBXFrameworksBuildPhase section */

/* Begin PBXGroup section */
		656FF2601ABB8EC2007B9848 = {
			isa = PBXGroup;
			children = (
				656FF26B1ABB8EC2007B9848 /* Stormy */,
				656FF2811ABB8EC3007B9848 /* StormyTests */,
				656FF26A1ABB8EC2007B9848 /* Products */,
			);
			sourceTree = "<group>";
		};
		656FF26A1ABB8EC2007B9848 /* Products */ = {
			isa = PBXGroup;
			children = (
				656FF2691ABB8EC2007B9848 /* Stormy.app */,
				656FF27E1ABB8EC3007B9848 /* StormyTests.xctest */,
			);
			name = Products;
			sourceTree = "<group>";
		};
		656FF26B1ABB8EC2007B9848 /* Stormy */ = {
			isa = PBXGroup;
			children = (
				656FF26E1ABB8EC2007B9848 /* AppDelegate.swift */,
				65787D901ABCEB2F0087E48B /* Current.swift */,
				656FF2701ABB8EC2007B9848 /* ViewController.swift */,
				656FF2721ABB8EC2007B9848 /* Main.storyboard */,
				656FF2751ABB8EC2007B9848 /* Images.xcassets */,
				656FF2771ABB8EC2007B9848 /* LaunchScreen.xib */,
				656FF26C1ABB8EC2007B9848 /* Supporting Files */,
			);
			path = Stormy;
			sourceTree = "<group>";
		};
		656FF26C1ABB8EC2007B9848 /* Supporting Files */ = {
			isa = PBXGroup;
			children = (
				656FF26D1ABB8EC2007B9848 /* Info.plist */,
			);
			name = "Supporting Files";
			sourceTree = "<group>";
		};
		656FF2811ABB8EC3007B9848 /* StormyTests */ = {
			isa = PBXGroup;
			children = (
				656FF2841ABB8EC3007B9848 /* StormyTests.swift */,
				656FF2821ABB8EC3007B9848 /* Supporting Files */,
			);
			path = StormyTests;
			sourceTree = "<group>";
		};
		656FF2821ABB8EC3007B9848 /* Supporting Files */ = {
			isa = PBXGroup;
			children = (
				656FF2831ABB8EC3007B9848 /* Info.plist */,
			);
			name = "Supporting Files";
			sourceTree = "<group>";
		};
/* End PBXGroup section */

/* Begin PBXNativeTarget section */
		656FF2681ABB8EC2007B9848 /* Stormy */ = {
			isa = PBXNativeTarget;
			buildConfigurationList = 656FF2881ABB8EC3007B9848 /* Build configuration list for PBXNativeTarget "Stormy" */;
			buildPhases = (
				656FF2651ABB8EC2007B9848 /* Sources */,
				656FF2661ABB8EC2007B9848 /* Frameworks */,
				656FF2671ABB8EC2007B9848 /* Resources */,
			);
			buildRules = (
			);
			dependencies = (
			);
			name = Stormy;
			productName = Stormy;
			productReference = 656FF2691ABB8EC2007B9848 /* Stormy.app */;
			productType = "com.apple.product-type.application";
		};
		656FF27D1ABB8EC3007B9848 /* StormyTests */ = {
			isa = PBXNativeTarget;
			buildConfigurationList = 656FF28B1ABB8EC3007B9848 /* Build configuration list for PBXNativeTarget "StormyTests" */;
			buildPhases = (
				656FF27A1ABB8EC3007B9848 /* Sources */,
				656FF27B1ABB8EC3007B9848 /* Frameworks */,
				656FF27C1ABB8EC3007B9848 /* Resources */,
			);
			buildRules = (
			);
			dependencies = (
				656FF2801ABB8EC3007B9848 /* PBXTargetDependency */,
			);
			name = StormyTests;
			productName = StormyTests;
			productReference = 656FF27E1ABB8EC3007B9848 /* StormyTests.xctest */;
			productType = "com.apple.product-type.bundle.unit-test";
		};
/* End PBXNativeTarget section */

/* Begin PBXProject section */
		656FF2611ABB8EC2007B9848 /* Project object */ = {
			isa = PBXProject;
			attributes = {
				LastUpgradeCheck = 0610;
				ORGANIZATIONNAME = nrsmac;
				TargetAttributes = {
					656FF2681ABB8EC2007B9848 = {
						CreatedOnToolsVersion = 6.1.1;
					};
					656FF27D1ABB8EC3007B9848 = {
						CreatedOnToolsVersion = 6.1.1;
						TestTargetID = 656FF2681ABB8EC2007B9848;
					};
				};
			};
			buildConfigurationList = 656FF2641ABB8EC2007B9848 /* Build configuration list for PBXProject "Stormy" */;
			compatibilityVersion = "Xcode 3.2";
			developmentRegion = English;
			hasScannedForEncodings = 0;
			knownRegions = (
				en,
				Base,
			);
			mainGroup = 656FF2601ABB8EC2007B9848;
			productRefGroup = 656FF26A1ABB8EC2007B9848 /* Products */;
			projectDirPath = "";
			projectRoot = "";
			targets = (
				656FF2681ABB8EC2007B9848 /* Stormy */,
				656FF27D1ABB8EC3007B9848 /* StormyTests */,
			);
		};
/* End PBXProject section */

/* Begin PBXResourcesBuildPhase section */
		656FF2671ABB8EC2007B9848 /* Resources */ = {
			isa = PBXResourcesBuildPhase;
			buildActionMask = 2147483647;
			files = (
				656FF2741ABB8EC2007B9848 /* Main.storyboard in Resources */,
				656FF2791ABB8EC2007B9848 /* LaunchScreen.xib in Resources */,
				656FF2761ABB8EC2007B9848 /* Images.xcassets in Resources */,
			);
			runOnlyForDeploymentPostprocessing = 0;
		};
		656FF27C1ABB8EC3007B9848 /* Resources */ = {
			isa = PBXResourcesBuildPhase;
			buildActionMask = 2147483647;
			files = (
			);
			runOnlyForDeploymentPostprocessing = 0;
		};
/* End PBXResourcesBuildPhase section */

/* Begin PBXSourcesBuildPhase section */
		656FF2651ABB8EC2007B9848 /* Sources */ = {
			isa = PBXSourcesBuildPhase;
			buildActionMask = 2147483647;
			files = (
				65787D911ABCEB2F0087E48B /* Current.swift in Sources */,
				656FF2711ABB8EC2007B9848 /* ViewController.swift in Sources */,
				656FF26F1ABB8EC2007B9848 /* AppDelegate.swift in Sources */,
			);
			runOnlyForDeploymentPostprocessing = 0;
		};
		656FF27A1ABB8EC3007B9848 /* Sources */ = {
			isa = PBXSourcesBuildPhase;
			buildActionMask = 2147483647;
			files = (
				656FF2851ABB8EC3007B9848 /* StormyTests.swift in Sources */,
			);
			runOnlyForDeploymentPostprocessing = 0;
		};
/* End PBXSourcesBuildPhase section */

/* Begin PBXTargetDependency section */
		656FF2801ABB8EC3007B9848 /* PBXTargetDependency */ = {
			isa = PBXTargetDependency;
			target = 656FF2681ABB8EC2007B9848 /* Stormy */;
			targetProxy = 656FF27F1ABB8EC3007B9848 /* PBXContainerItemProxy */;
		};
/* End PBXTargetDependency section */

/* Begin PBXVariantGroup section */
		656FF2721ABB8EC2007B9848 /* Main.storyboard */ = {
			isa = PBXVariantGroup;
			children = (
				656FF2731ABB8EC2007B9848 /* Base */,
			);
			name = Main.storyboard;
			sourceTree = "<group>";
		};
		656FF2771ABB8EC2007B9848 /* LaunchScreen.xib */ = {
			isa = PBXVariantGroup;
			children = (
				656FF2781ABB8EC2007B9848 /* Base */,
			);
			name = LaunchScreen.xib;
			sourceTree = "<group>";
		};
/* End PBXVariantGroup section */

/* Begin XCBuildConfiguration section */
		656FF2861ABB8EC3007B9848 /* Debug */ = {
			isa = XCBuildConfiguration;
			buildSettings = {
				ALWAYS_SEARCH_USER_PATHS = NO;
				CLANG_CXX_LANGUAGE_STANDARD = "gnu++0x";
				CLANG_CXX_LIBRARY = "libc++";
				CLANG_ENABLE_MODULES = YES;
				CLANG_ENABLE_OBJC_ARC = YES;
				CLANG_WARN_BOOL_CONVERSION = YES;
				CLANG_WARN_CONSTANT_CONVERSION = YES;
				CLANG_WARN_DIRECT_OBJC_ISA_USAGE = YES_ERROR;
				CLANG_WARN_EMPTY_BODY = YES;
				CLANG_WARN_ENUM_CONVERSION = YES;
				CLANG_WARN_INT_CONVERSION = YES;
				CLANG_WARN_OBJC_ROOT_CLASS = YES_ERROR;
				CLANG_WARN_UNREACHABLE_CODE = YES;
				CLANG_WARN__DUPLICATE_METHOD_MATCH = YES;
				"CODE_SIGN_IDENTITY[sdk=iphoneos*]" = "iPhone Developer";
				COPY_PHASE_STRIP = NO;
				ENABLE_STRICT_OBJC_MSGSEND = YES;
				GCC_C_LANGUAGE_STANDARD = gnu99;
				GCC_DYNAMIC_NO_PIC = NO;
				GCC_OPTIMIZATION_LEVEL = 0;
				GCC_PREPROCESSOR_DEFINITIONS = (
					"DEBUG=1",
					"$(inherited)",
				);
				GCC_SYMBOLS_PRIVATE_EXTERN = NO;
				GCC_WARN_64_TO_32_BIT_CONVERSION = YES;
				GCC_WARN_ABOUT_RETURN_TYPE = YES_ERROR;
				GCC_WARN_UNDECLARED_SELECTOR = YES;
				GCC_WARN_UNINITIALIZED_AUTOS = YES_AGGRESSIVE;
				GCC_WARN_UNUSED_FUNCTION = YES;
				GCC_WARN_UNUSED_VARIABLE = YES;
				IPHONEOS_DEPLOYMENT_TARGET = 8.1;
				MTL_ENABLE_DEBUG_INFO = YES;
				ONLY_ACTIVE_ARCH = YES;
				SDKROOT = iphoneos;
				SWIFT_OPTIMIZATION_LEVEL = "-Onone";
			};
			name = Debug;
		};
		656FF2871ABB8EC3007B9848 /* Release */ = {
			isa = XCBuildConfiguration;
			buildSettings = {
				ALWAYS_SEARCH_USER_PATHS = NO;
				CLANG_CXX_LANGUAGE_STANDARD = "gnu++0x";
				CLANG_CXX_LIBRARY = "libc++";
				CLANG_ENABLE_MODULES = YES;
				CLANG_ENABLE_OBJC_ARC = YES;
				CLANG_WARN_BOOL_CONVERSION = YES;
				CLANG_WARN_CONSTANT_CONVERSION = YES;
				CLANG_WARN_DIRECT_OBJC_ISA_USAGE = YES_ERROR;
				CLANG_WARN_EMPTY_BODY = YES;
				CLANG_WARN_ENUM_CONVERSION = YES;
				CLANG_WARN_INT_CONVERSION = YES;
				CLANG_WARN_OBJC_ROOT_CLASS = YES_ERROR;
				CLANG_WARN_UNREACHABLE_CODE = YES;
				CLANG_WARN__DUPLICATE_METHOD_MATCH = YES;
				"CODE_SIGN_IDENTITY[sdk=iphoneos*]" = "iPhone Developer";
				COPY_PHASE_STRIP = YES;
				ENABLE_NS_ASSERTIONS = NO;
				ENABLE_STRICT_OBJC_MSGSEND = YES;
				GCC_C_LANGUAGE_STANDARD = gnu99;
				GCC_WARN_64_TO_32_BIT_CONVERSION = YES;
				GCC_WARN_ABOUT_RETURN_TYPE = YES_ERROR;
				GCC_WARN_UNDECLARED_SELECTOR = YES;
				GCC_WARN_UNINITIALIZED_AUTOS = YES_AGGRESSIVE;
				GCC_WARN_UNUSED_FUNCTION = YES;
				GCC_WARN_UNUSED_VARIABLE = YES;
				IPHONEOS_DEPLOYMENT_TARGET = 8.1;
				MTL_ENABLE_DEBUG_INFO = NO;
				SDKROOT = iphoneos;
				VALIDATE_PRODUCT = YES;
			};
			name = Release;
		};
		656FF2891ABB8EC3007B9848 /* Debug */ = {
			isa = XCBuildConfiguration;
			buildSettings = {
				ASSETCATALOG_COMPILER_APPICON_NAME = AppIcon;
				INFOPLIST_FILE = Stormy/Info.plist;
				LD_RUNPATH_SEARCH_PATHS = "$(inherited) @executable_path/Frameworks";
				PRODUCT_NAME = "$(TARGET_NAME)";
			};
			name = Debug;
		};
		656FF28A1ABB8EC3007B9848 /* Release */ = {
			isa = XCBuildConfiguration;
			buildSettings = {
				ASSETCATALOG_COMPILER_APPICON_NAME = AppIcon;
				INFOPLIST_FILE = Stormy/Info.plist;
				LD_RUNPATH_SEARCH_PATHS = "$(inherited) @executable_path/Frameworks";
				PRODUCT_NAME = "$(TARGET_NAME)";
			};
			name = Release;
		};
		656FF28C1ABB8EC3007B9848 /* Debug */ = {
			isa = XCBuildConfiguration;
			buildSettings = {
				BUNDLE_LOADER = "$(TEST_HOST)";
				FRAMEWORK_SEARCH_PATHS = (
					"$(SDKROOT)/Developer/Library/Frameworks",
					"$(inherited)",
				);
				GCC_PREPROCESSOR_DEFINITIONS = (
					"DEBUG=1",
					"$(inherited)",
				);
				INFOPLIST_FILE = StormyTests/Info.plist;
				LD_RUNPATH_SEARCH_PATHS = "$(inherited) @executable_path/Frameworks @loader_path/Frameworks";
				PRODUCT_NAME = "$(TARGET_NAME)";
				TEST_HOST = "$(BUILT_PRODUCTS_DIR)/Stormy.app/Stormy";
			};
			name = Debug;
		};
		656FF28D1ABB8EC3007B9848 /* Release */ = {
			isa = XCBuildConfiguration;
			buildSettings = {
				BUNDLE_LOADER = "$(TEST_HOST)";
				FRAMEWORK_SEARCH_PATHS = (
					"$(SDKROOT)/Developer/Library/Frameworks",
					"$(inherited)",
				);
				INFOPLIST_FILE = StormyTests/Info.plist;
				LD_RUNPATH_SEARCH_PATHS = "$(inherited) @executable_path/Frameworks @loader_path/Frameworks";
				PRODUCT_NAME = "$(TARGET_NAME)";
				TEST_HOST = "$(BUILT_PRODUCTS_DIR)/Stormy.app/Stormy";
			};
			name = Release;
		};
/* End XCBuildConfiguration section */

/* Begin XCConfigurationList section */
		656FF2641ABB8EC2007B9848 /* Build configuration list for PBXProject "Stormy" */ = {
			isa = XCConfigurationList;
			buildConfigurations = (
				656FF2861ABB8EC3007B9848 /* Debug */,
				656FF2871ABB8EC3007B9848 /* Release */,
			);
			defaultConfigurationIsVisible = 0;
			defaultConfigurationName = Release;
		};
		656FF2881ABB8EC3007B9848 /* Build configuration list for PBXNativeTarget "Stormy" */ = {
			isa = XCConfigurationList;
			buildConfigurations = (
				656FF2891ABB8EC3007B9848 /* Debug */,
				656FF28A1ABB8EC3007B9848 /* Release */,
			);
			defaultConfigurationIsVisible = 0;
			defaultConfigurationName = Release;
		};
		656FF28B1ABB8EC3007B9848 /* Build configuration list for PBXNativeTarget "StormyTests" */ = {
			isa = XCConfigurationList;
			buildConfigurations = (
				656FF28C1ABB8EC3007B9848 /* Debug */,
				656FF28D1ABB8EC3007B9848 /* Release */,
			);
			defaultConfigurationIsVisible = 0;
			defaultConfigurationName = Release;
		};
/* End XCConfigurationList section */
	};
	rootObject = 656FF2611ABB8EC2007B9848 /* Project object */;
}
